
Microsoft Visual Studio Solution File, Format Version 12.00
# Visual Studio 14
VisualStudioVersion = 14.0.23107.0
MinimumVisualStudioVersion = 10.0.40219.1
Project("{FAE04EC0-301F-11D3-BF4B-00C04F79EFBC}") = "PrimeTables", "PrimeTables\PrimeTables.csproj", "{5CA85E90-6C6E-4D94-B242-2813D662C8F9}"
EndProject
Project("{FAE04EC0-301F-11D3-BF4B-00C04F79EFBC}") = "PrimeTables.Tests", "PrimeTables.Tests\PrimeTables.Tests.csproj", "{E101AAAF-1538-4ECD-9954-AD803FFDB069}"
EndProject
Global
	GlobalSection(SolutionConfigurationPlatforms) = preSolution
		Debug|Any CPU = Debug|Any CPU
		Release|Any CPU = Release|Any CPU
	EndGlobalSection
	GlobalSection(ProjectConfigurationPlatforms) = postSolution
		{5CA85E90-6C6E-4D94-B242-2813D662C8F9}.Debug|Any CPU.ActiveCfg = Debug|Any CPU
		{5CA85E90-6C6E-4D94-B242-2813D662C8F9}.Debug|Any CPU.Build.0 = Debug|Any CPU
		{5CA85E90-6C6E-4D94-B242-2813D662C8F9}.Release|Any CPU.ActiveCfg = Release|Any CPU
		{5CA85E90-6C6E-4D94-B242-2813D662C8F9}.Release|Any CPU.Build.0 = Release|Any CPU
		{E101AAAF-1538-4ECD-9954-AD803FFDB069}.Debug|Any CPU.ActiveCfg = Debug|Any CPU
		{E101AAAF-1538-4ECD-9954-AD803FFDB069}.Debug|Any CPU.Build.0 = Debug|Any CPU
		{E101AAAF-1538-4ECD-9954-AD803FFDB069}.Release|Any CPU.ActiveCfg = Release|Any CPU
		{E101AAAF-1538-4ECD-9954-AD803FFDB069}.Release|Any CPU.Build.0 = Release|Any CPU
	EndGlobalSection
	GlobalSection(SolutionProperties) = preSolution
		HideSolutionNode = FALSE
	EndGlobalSection
EndGlobal
